
Microsoft Visual Studio Solution File, Format Version 12.00
# Visual Studio Version 16
VisualStudioVersion = 16.0.30907.101
MinimumVisualStudioVersion = 10.0.40219.1
Project("{FAE04EC0-301F-11D3-BF4B-00C04F79EFBC}") = "contrato_1", "contrato_1\contrato_1.csproj", "{DDDF4E2F-BF2E-46C0-A034-3BED88DD2613}"
EndProject
Global
	GlobalSection(SolutionConfigurationPlatforms) = preSolution
		Debug|Any CPU = Debug|Any CPU
		Release|Any CPU = Release|Any CPU
	EndGlobalSection
	GlobalSection(ProjectConfigurationPlatforms) = postSolution
		{DDDF4E2F-BF2E-46C0-A034-3BED88DD2613}.Debug|Any CPU.ActiveCfg = Debug|Any CPU
		{DDDF4E2F-BF2E-46C0-A034-3BED88DD2613}.Debug|Any CPU.Build.0 = Debug|Any CPU
		{DDDF4E2F-BF2E-46C0-A034-3BED88DD2613}.Release|Any CPU.ActiveCfg = Release|Any CPU
		{DDDF4E2F-BF2E-46C0-A034-3BED88DD2613}.Release|Any CPU.Build.0 = Release|Any CPU
	EndGlobalSection
	GlobalSection(SolutionProperties) = preSolution
		HideSolutionNode = FALSE
	EndGlobalSection
	GlobalSection(ExtensibilityGlobals) = postSolution
		SolutionGuid = {9A5758D2-E644-48B8-8C53-38B4FB33AF91}
	EndGlobalSection
EndGlobal
